uuid: 76e90821-f26e-4826-ba2f-ac5cfa62203b
langcode: en
status: true
dependencies:
  config:
    - field.storage.node.field_ip_block
    - node.type.mid_disclaimer
  enforced:
    module:
      - mid_disclaimer
  module:
    - content_translation
third_party_settings:
  content_translation:
    translation_sync: {  }
_core:
  default_config_hash: 3Oykl2A0hJ8dSrSegAcUZjOCJ9-cHLgluJ35oJkg52A
id: node.mid_disclaimer.field_ip_block
field_name: field_ip_block
entity_type: node
bundle: mid_disclaimer
label: 'IP block'
description: 'Select this if you want to do an IP check'
required: false
translatable: true
default_value:
  -
    value: 0
default_value_callback: ''
settings:
  on_label: 'IP block'
  off_label: 'IP block'
field_type: boolean
